# THIS IS AN AUTOGENERATED FILE. DO NOT EDIT THIS FILE DIRECTLY.
# yarn lockfile v1


async@1.5.2:
  version "1.5.2"
  resolved "https://registry.npm.taobao.org/async/download/async-1.5.2.tgz#ec6a61ae56480c0c3cb241c95618e20892f9672a"
  integrity sha1-7GphrlZIDAw8skHJVhjiCJL5Zyo=

cache-manager@^2.10.1:
  version "2.10.1"
  resolved "https://registry.npm.taobao.org/cache-manager/download/cache-manager-2.10.1.tgz#d8f312381255966cfc19c990bc8834c8d24edb2a"
  integrity sha1-2PMSOBJVlmz8GcmQvIg0yNJO2yo=
  dependencies:
    async "1.5.2"
    lru-cache "4.0.0"

clone@2.x:
  version "2.1.2"
  resolved "https://registry.npm.taobao.org/clone/download/clone-2.1.2.tgz#1b7f4b9f591f1e8f83670401600345a02887435f"
  integrity sha1-G39Ln1kfHo+DZwQBYANFoCiHQ18=

lru-cache@4.0.0:
  version "4.0.0"
  resolved "https://registry.npm.taobao.org/lru-cache/download/lru-cache-4.0.0.tgz#b5cbf01556c16966febe54ceec0fb4dc90df6c28"
  integrity sha1-tcvwFVbBaWb+vlTO7A+03JDfbCg=
  dependencies:
    pseudomap "^1.0.1"
    yallist "^2.0.0"

node-cache@^5.1.0:
  version "5.1.0"
  resolved "https://registry.npm.taobao.org/node-cache/download/node-cache-5.1.0.tgz?cache=0&sync_timestamp=1575843302914&other_urls=https%3A%2F%2Fregistry.npm.taobao.org%2Fnode-cache%2Fdownload%2Fnode-cache-5.1.0.tgz#266786c28dcec0fd34385ee29c383e6d6f1aa5de"
  integrity sha1-JmeGwo3OwP00OF7inDg+bW8apd4=
  dependencies:
    clone "2.x"

pseudomap@^1.0.1:
  version "1.0.2"
  resolved "https://registry.npm.taobao.org/pseudomap/download/pseudomap-1.0.2.tgz#f052a28da70e618917ef0a8ac34c1ae5a68286b3"
  integrity sha1-8FKijacOYYkX7wqKw0wa5aaChrM=

yallist@^2.0.0:
  version "2.1.2"
  resolved "https://registry.npm.taobao.org/yallist/download/yallist-2.1.2.tgz#1c11f9218f076089a47dd512f93c6699a6a81d52"
  integrity sha1-HBH5IY8HYImkfdUS+TxmmaaoHVI=
